
Microsoft Visual Studio Solution File, Format Version 12.00
# Visual Studio Version 16
VisualStudioVersion = 16.0.31605.320
MinimumVisualStudioVersion = 10.0.40219.1
Project("{FAE04EC0-301F-11D3-BF4B-00C04F79EFBC}") = "Random Number Generator V2", "Random Number Generator V2\Random Number Generator V2.csproj", "{2B397D5F-F3FF-4995-B23C-5ABF6AB30E7F}"
EndProject
Global
	GlobalSection(SolutionConfigurationPlatforms) = preSolution
		Debug|Any CPU = Debug|Any CPU
		Release|Any CPU = Release|Any CPU
	EndGlobalSection
	GlobalSection(ProjectConfigurationPlatforms) = postSolution
		{2B397D5F-F3FF-4995-B23C-5ABF6AB30E7F}.Debug|Any CPU.ActiveCfg = Debug|Any CPU
		{2B397D5F-F3FF-4995-B23C-5ABF6AB30E7F}.Debug|Any CPU.Build.0 = Debug|Any CPU
		{2B397D5F-F3FF-4995-B23C-5ABF6AB30E7F}.Release|Any CPU.ActiveCfg = Release|Any CPU
		{2B397D5F-F3FF-4995-B23C-5ABF6AB30E7F}.Release|Any CPU.Build.0 = Release|Any CPU
	EndGlobalSection
	GlobalSection(SolutionProperties) = preSolution
		HideSolutionNode = FALSE
	EndGlobalSection
	GlobalSection(ExtensibilityGlobals) = postSolution
		SolutionGuid = {5173FC6B-5499-4818-838C-71F524B22883}
	EndGlobalSection
EndGlobal
